Microsoft Visual Studio Solution File, Format Version 8.00
Project("{8BC9CEB8-8B4A-11D0-8D11-00A0C91BC942}") = "module_base", "modules\module_base\module_base.vcproj", "{EAD829AE-8100-4A6E-A260-09073577BB10}"
	ProjectSection(ProjectDependencies) = postProject
	EndProjectSection
EndProject
Project("{8BC9CEB8-8B4A-11D0-8D11-00A0C91BC942}") = "video_acq_opencv", "modules\video_acq_opencv\video_acq_opencv.vcproj", "{3DD44580-7C1F-4041-ACF4-41EBA0CE7EBC}"
	ProjectSection(ProjectDependencies) = postProject
	EndProjectSection
EndProject
Project("{8BC9CEB8-8B4A-11D0-8D11-00A0C91BC942}") = "program", "program\program.vcproj", "{20CB0D7E-A9E4-40EB-A04E-73549FC3D39A}"
	ProjectSection(ProjectDependencies) = postProject
	EndProjectSection
EndProject
Project("{8BC9CEB8-8B4A-11D0-8D11-00A0C91BC942}") = "prob_image", "modules\prob_image\prob_image.vcproj", "{72F37CC9-5263-4BC0-B3B0-F73F7600F2C0}"
	ProjectSection(ProjectDependencies) = postProject
	EndProjectSection
EndProject
Project("{8BC9CEB8-8B4A-11D0-8D11-00A0C91BC942}") = "posdetect", "modules\posdetect\posdetect.vcproj", "{72F37CC9-5263-4BC0-B3B0-F73F7600F2C0}"
	ProjectSection(ProjectDependencies) = postProject
	EndProjectSection
EndProject
Project("{8BC9CEB8-8B4A-11D0-8D11-00A0C91BC942}") = "mod_neg", "modules\mod_neg\mod_neg.vcproj", "{64D63C9F-BE02-4FB0-A2AA-CB1807E3F261}"
	ProjectSection(ProjectDependencies) = postProject
	EndProjectSection
EndProject
Project("{8BC9CEB8-8B4A-11D0-8D11-00A0C91BC942}") = "mod_light", "modules\mod_light\mod_light.vcproj", "{64D63C9F-BE02-4FB0-A2AA-CB1807E3F261}"
	ProjectSection(ProjectDependencies) = postProject
	EndProjectSection
EndProject
Project("{8BC9CEB8-8B4A-11D0-8D11-00A0C91BC942}") = "mod_camshift_opencv", "modules\mod_camshift_opencv\mod_camshift_opencv.vcproj", "{FD48EB5D-C31B-4074-99D4-F8EAC72DFDC4}"
	ProjectSection(ProjectDependencies) = postProject
	EndProjectSection
EndProject
Project("{8BC9CEB8-8B4A-11D0-8D11-00A0C91BC942}") = "mod_steer", "modules\mod_steer\mod_steer.vcproj", "{64D63C9F-BE02-4FB0-A2AA-CB1807E3F261}"
	ProjectSection(ProjectDependencies) = postProject
	EndProjectSection
EndProject
Project("{8BC9CEB8-8B4A-11D0-8D11-00A0C91BC942}") = "tester", "tester\tester.vcproj", "{BE75101D-A136-4BC9-B973-F8EA74C6FE4B}"
	ProjectSection(ProjectDependencies) = postProject
	EndProjectSection
EndProject
Project("{8BC9CEB8-8B4A-11D0-8D11-00A0C91BC942}") = "kalibrator", "kalibrator\kalibrator.vcproj", "{8E5B8194-824A-4DB8-A925-1B29E4334024}"
	ProjectSection(ProjectDependencies) = postProject
	EndProjectSection
EndProject
Global
	GlobalSection(SolutionConfiguration) = preSolution
		Debug = Debug
		Release = Release
	EndGlobalSection
	GlobalSection(ProjectConfiguration) = postSolution
		{EAD829AE-8100-4A6E-A260-09073577BB10}.Debug.ActiveCfg = Debug|Win32
		{EAD829AE-8100-4A6E-A260-09073577BB10}.Debug.Build.0 = Debug|Win32
		{EAD829AE-8100-4A6E-A260-09073577BB10}.Release.ActiveCfg = Release|Win32
		{EAD829AE-8100-4A6E-A260-09073577BB10}.Release.Build.0 = Release|Win32
		{3DD44580-7C1F-4041-ACF4-41EBA0CE7EBC}.Debug.ActiveCfg = Debug|Win32
		{3DD44580-7C1F-4041-ACF4-41EBA0CE7EBC}.Debug.Build.0 = Debug|Win32
		{3DD44580-7C1F-4041-ACF4-41EBA0CE7EBC}.Release.ActiveCfg = Release|Win32
		{3DD44580-7C1F-4041-ACF4-41EBA0CE7EBC}.Release.Build.0 = Release|Win32
		{20CB0D7E-A9E4-40EB-A04E-73549FC3D39A}.Debug.ActiveCfg = Debug|Win32
		{20CB0D7E-A9E4-40EB-A04E-73549FC3D39A}.Debug.Build.0 = Debug|Win32
		{20CB0D7E-A9E4-40EB-A04E-73549FC3D39A}.Release.ActiveCfg = Release|Win32
		{20CB0D7E-A9E4-40EB-A04E-73549FC3D39A}.Release.Build.0 = Release|Win32
		{72F37CC9-5263-4BC0-B3B0-F73F7600F2C0}.Debug.ActiveCfg = Debug|Win32
		{72F37CC9-5263-4BC0-B3B0-F73F7600F2C0}.Debug.Build.0 = Debug|Win32
		{72F37CC9-5263-4BC0-B3B0-F73F7600F2C0}.Release.ActiveCfg = Release|Win32
		{72F37CC9-5263-4BC0-B3B0-F73F7600F2C0}.Release.Build.0 = Release|Win32
		{72F37CC9-5263-4BC0-B3B0-F73F7600F2C0}.Debug.ActiveCfg = Debug|Win32
		{72F37CC9-5263-4BC0-B3B0-F73F7600F2C0}.Debug.Build.0 = Debug|Win32
		{72F37CC9-5263-4BC0-B3B0-F73F7600F2C0}.Release.ActiveCfg = Release|Win32
		{72F37CC9-5263-4BC0-B3B0-F73F7600F2C0}.Release.Build.0 = Release|Win32
		{64D63C9F-BE02-4FB0-A2AA-CB1807E3F261}.Debug.ActiveCfg = Debug|Win32
		{64D63C9F-BE02-4FB0-A2AA-CB1807E3F261}.Debug.Build.0 = Debug|Win32
		{64D63C9F-BE02-4FB0-A2AA-CB1807E3F261}.Release.ActiveCfg = Release|Win32
		{64D63C9F-BE02-4FB0-A2AA-CB1807E3F261}.Release.Build.0 = Release|Win32
		{64D63C9F-BE02-4FB0-A2AA-CB1807E3F261}.Debug.ActiveCfg = Debug|Win32
		{64D63C9F-BE02-4FB0-A2AA-CB1807E3F261}.Debug.Build.0 = Debug|Win32
		{64D63C9F-BE02-4FB0-A2AA-CB1807E3F261}.Release.ActiveCfg = Release|Win32
		{64D63C9F-BE02-4FB0-A2AA-CB1807E3F261}.Release.Build.0 = Release|Win32
		{FD48EB5D-C31B-4074-99D4-F8EAC72DFDC4}.Debug.ActiveCfg = Debug|Win32
		{FD48EB5D-C31B-4074-99D4-F8EAC72DFDC4}.Debug.Build.0 = Debug|Win32
		{FD48EB5D-C31B-4074-99D4-F8EAC72DFDC4}.Release.ActiveCfg = Release|Win32
		{FD48EB5D-C31B-4074-99D4-F8EAC72DFDC4}.Release.Build.0 = Release|Win32
		{64D63C9F-BE02-4FB0-A2AA-CB1807E3F261}.Debug.ActiveCfg = Debug|Win32
		{64D63C9F-BE02-4FB0-A2AA-CB1807E3F261}.Debug.Build.0 = Debug|Win32
		{64D63C9F-BE02-4FB0-A2AA-CB1807E3F261}.Release.ActiveCfg = Release|Win32
		{64D63C9F-BE02-4FB0-A2AA-CB1807E3F261}.Release.Build.0 = Release|Win32
		{BE75101D-A136-4BC9-B973-F8EA74C6FE4B}.Debug.ActiveCfg = Debug|Win32
		{BE75101D-A136-4BC9-B973-F8EA74C6FE4B}.Debug.Build.0 = Debug|Win32
		{BE75101D-A136-4BC9-B973-F8EA74C6FE4B}.Release.ActiveCfg = Release|Win32
		{BE75101D-A136-4BC9-B973-F8EA74C6FE4B}.Release.Build.0 = Release|Win32
		{8E5B8194-824A-4DB8-A925-1B29E4334024}.Debug.ActiveCfg = Debug|Win32
		{8E5B8194-824A-4DB8-A925-1B29E4334024}.Debug.Build.0 = Debug|Win32
		{8E5B8194-824A-4DB8-A925-1B29E4334024}.Release.ActiveCfg = Release|Win32
		{8E5B8194-824A-4DB8-A925-1B29E4334024}.Release.Build.0 = Release|Win32
	EndGlobalSection
	GlobalSection(ExtensibilityGlobals) = postSolution
	EndGlobalSection
	GlobalSection(ExtensibilityAddIns) = postSolution
	EndGlobalSection
EndGlobal
