Microsoft Visual Studio Solution File, Format Version 8.00
Project("{8BC9CEB8-8B4A-11D0-8D11-00A0C91BC942}") = "mod_camshift_opencv", "mod_camshift_opencv.vcproj", "{FD48EB5D-C31B-4074-99D4-F8EAC72DFDC4}"
	ProjectSection(ProjectDependencies) = postProject
	EndProjectSection
EndProject
Global
	GlobalSection(SolutionConfiguration) = preSolution
		Debug = Debug
		Release = Release
	EndGlobalSection
	GlobalSection(ProjectConfiguration) = postSolution
		{FD48EB5D-C31B-4074-99D4-F8EAC72DFDC4}.Debug.ActiveCfg = Debug|Win32
		{FD48EB5D-C31B-4074-99D4-F8EAC72DFDC4}.Debug.Build.0 = Debug|Win32
		{FD48EB5D-C31B-4074-99D4-F8EAC72DFDC4}.Release.ActiveCfg = Release|Win32
		{FD48EB5D-C31B-4074-99D4-F8EAC72DFDC4}.Release.Build.0 = Release|Win32
	EndGlobalSection
	GlobalSection(ExtensibilityGlobals) = postSolution
	EndGlobalSection
	GlobalSection(ExtensibilityAddIns) = postSolution
	EndGlobalSection
EndGlobal
